
Microsoft Visual Studio Solution File, Format Version 12.00
# Visual Studio 15
VisualStudioVersion = 15.0.27703.2035
MinimumVisualStudioVersion = 10.0.40219.1
Project("{FAE04EC0-301F-11D3-BF4B-00C04F79EFBC}") = "LuckyNumber.Android", "LuckyNumber\LuckyNumber.Android\LuckyNumber.Android.csproj", "{736EA8AB-C342-448F-A1DA-8C597138D75C}"
EndProject
Project("{FAE04EC0-301F-11D3-BF4B-00C04F79EFBC}") = "LuckyNumber.iOS", "LuckyNumber\LuckyNumber.iOS\LuckyNumber.iOS.csproj", "{5B155FC6-72EE-45AE-985C-18806A8AEFF6}"
EndProject
Project("{D954291E-2A0B-460D-934E-DC6B0785DB48}") = "LuckyNumber", "LuckyNumber\LuckyNumber\LuckyNumber.shproj", "{05696727-F144-46E7-B4AC-050793F2F979}"
EndProject
Global
	GlobalSection(SharedMSBuildProjectFiles) = preSolution
		LuckyNumber\LuckyNumber\LuckyNumber.projitems*{05696727-f144-46e7-b4ac-050793f2f979}*SharedItemsImports = 13
		LuckyNumber\LuckyNumber\LuckyNumber.projitems*{5b155fc6-72ee-45ae-985c-18806a8aeff6}*SharedItemsImports = 4
		LuckyNumber\LuckyNumber\LuckyNumber.projitems*{736ea8ab-c342-448f-a1da-8c597138d75c}*SharedItemsImports = 4
	EndGlobalSection
	GlobalSection(SolutionConfigurationPlatforms) = preSolution
		Ad-Hoc|Any CPU = Ad-Hoc|Any CPU
		Ad-Hoc|iPhone = Ad-Hoc|iPhone
		Ad-Hoc|iPhoneSimulator = Ad-Hoc|iPhoneSimulator
		AppStore|Any CPU = AppStore|Any CPU
		AppStore|iPhone = AppStore|iPhone
		AppStore|iPhoneSimulator = AppStore|iPhoneSimulator
		Debug|Any CPU = Debug|Any CPU
		Debug|iPhone = Debug|iPhone
		Debug|iPhoneSimulator = Debug|iPhoneSimulator
		Release|Any CPU = Release|Any CPU
		Release|iPhone = Release|iPhone
		Release|iPhoneSimulator = Release|iPhoneSimulator
	EndGlobalSection
	GlobalSection(ProjectConfigurationPlatforms) = postSolution
		{736EA8AB-C342-448F-A1DA-8C597138D75C}.Ad-Hoc|Any CPU.ActiveCfg = Release|Any CPU
		{736EA8AB-C342-448F-A1DA-8C597138D75C}.Ad-Hoc|Any CPU.Build.0 = Release|Any CPU
		{736EA8AB-C342-448F-A1DA-8C597138D75C}.Ad-Hoc|Any CPU.Deploy.0 = Release|Any CPU
		{736EA8AB-C342-448F-A1DA-8C597138D75C}.Ad-Hoc|iPhone.ActiveCfg = Release|Any CPU
		{736EA8AB-C342-448F-A1DA-8C597138D75C}.Ad-Hoc|iPhone.Build.0 = Release|Any CPU
		{736EA8AB-C342-448F-A1DA-8C597138D75C}.Ad-Hoc|iPhone.Deploy.0 = Release|Any CPU
		{736EA8AB-C342-448F-A1DA-8C597138D75C}.Ad-Hoc|iPhoneSimulator.ActiveCfg = Release|Any CPU
		{736EA8AB-C342-448F-A1DA-8C597138D75C}.Ad-Hoc|iPhoneSimulator.Build.0 = Release|Any CPU
		{736EA8AB-C342-448F-A1DA-8C597138D75C}.Ad-Hoc|iPhoneSimulator.Deploy.0 = Release|Any CPU
		{736EA8AB-C342-448F-A1DA-8C597138D75C}.AppStore|Any CPU.ActiveCfg = Release|Any CPU
		{736EA8AB-C342-448F-A1DA-8C597138D75C}.AppStore|Any CPU.Build.0 = Release|Any CPU
		{736EA8AB-C342-448F-A1DA-8C597138D75C}.AppStore|Any CPU.Deploy.0 = Release|Any CPU
		{736EA8AB-C342-448F-A1DA-8C597138D75C}.AppStore|iPhone.ActiveCfg = Release|Any CPU
		{736EA8AB-C342-448F-A1DA-8C597138D75C}.AppStore|iPhone.Build.0 = Release|Any CPU
		{736EA8AB-C342-448F-A1DA-8C597138D75C}.AppStore|iPhone.Deploy.0 = Release|Any CPU
		{736EA8AB-C342-448F-A1DA-8C597138D75C}.AppStore|iPhoneSimulator.ActiveCfg = Release|Any CPU
		{736EA8AB-C342-448F-A1DA-8C597138D75C}.AppStore|iPhoneSimulator.Build.0 = Release|Any CPU
		{736EA8AB-C342-448F-A1DA-8C597138D75C}.AppStore|iPhoneSimulator.Deploy.0 = Release|Any CPU
		{736EA8AB-C342-448F-A1DA-8C597138D75C}.Debug|Any CPU.ActiveCfg = Debug|Any CPU
		{736EA8AB-C342-448F-A1DA-8C597138D75C}.Debug|Any CPU.Build.0 = Debug|Any CPU
		{736EA8AB-C342-448F-A1DA-8C597138D75C}.Debug|Any CPU.Deploy.0 = Debug|Any CPU
		{736EA8AB-C342-448F-A1DA-8C597138D75C}.Debug|iPhone.ActiveCfg = Debug|Any CPU
		{736EA8AB-C342-448F-A1DA-8C597138D75C}.Debug|iPhone.Build.0 = Debug|Any CPU
		{736EA8AB-C342-448F-A1DA-8C597138D75C}.Debug|iPhone.Deploy.0 = Debug|Any CPU
		{736EA8AB-C342-448F-A1DA-8C597138D75C}.Debug|iPhoneSimulator.ActiveCfg = Debug|Any CPU
		{736EA8AB-C342-448F-A1DA-8C597138D75C}.Debug|iPhoneSimulator.Build.0 = Debug|Any CPU
		{736EA8AB-C342-448F-A1DA-8C597138D75C}.Debug|iPhoneSimulator.Deploy.0 = Debug|Any CPU
		{736EA8AB-C342-448F-A1DA-8C597138D75C}.Release|Any CPU.ActiveCfg = Release|Any CPU
		{736EA8AB-C342-448F-A1DA-8C597138D75C}.Release|Any CPU.Build.0 = Release|Any CPU
		{736EA8AB-C342-448F-A1DA-8C597138D75C}.Release|Any CPU.Deploy.0 = Release|Any CPU
		{736EA8AB-C342-448F-A1DA-8C597138D75C}.Release|iPhone.ActiveCfg = Release|Any CPU
		{736EA8AB-C342-448F-A1DA-8C597138D75C}.Release|iPhone.Build.0 = Release|Any CPU
		{736EA8AB-C342-448F-A1DA-8C597138D75C}.Release|iPhone.Deploy.0 = Release|Any CPU
		{736EA8AB-C342-448F-A1DA-8C597138D75C}.Release|iPhoneSimulator.ActiveCfg = Release|Any CPU
		{736EA8AB-C342-448F-A1DA-8C597138D75C}.Release|iPhoneSimulator.Build.0 = Release|Any CPU
		{736EA8AB-C342-448F-A1DA-8C597138D75C}.Release|iPhoneSimulator.Deploy.0 = Release|Any CPU
		{5B155FC6-72EE-45AE-985C-18806A8AEFF6}.Ad-Hoc|Any CPU.ActiveCfg = Ad-Hoc|iPhone
		{5B155FC6-72EE-45AE-985C-18806A8AEFF6}.Ad-Hoc|Any CPU.Build.0 = Ad-Hoc|iPhone
		{5B155FC6-72EE-45AE-985C-18806A8AEFF6}.Ad-Hoc|Any CPU.Deploy.0 = Ad-Hoc|iPhone
		{5B155FC6-72EE-45AE-985C-18806A8AEFF6}.Ad-Hoc|iPhone.ActiveCfg = Ad-Hoc|iPhone
		{5B155FC6-72EE-45AE-985C-18806A8AEFF6}.Ad-Hoc|iPhone.Build.0 = Ad-Hoc|iPhone
		{5B155FC6-72EE-45AE-985C-18806A8AEFF6}.Ad-Hoc|iPhone.Deploy.0 = Ad-Hoc|iPhone
		{5B155FC6-72EE-45AE-985C-18806A8AEFF6}.Ad-Hoc|iPhoneSimulator.ActiveCfg = Ad-Hoc|iPhoneSimulator
		{5B155FC6-72EE-45AE-985C-18806A8AEFF6}.Ad-Hoc|iPhoneSimulator.Build.0 = Ad-Hoc|iPhoneSimulator
		{5B155FC6-72EE-45AE-985C-18806A8AEFF6}.Ad-Hoc|iPhoneSimulator.Deploy.0 = Ad-Hoc|iPhoneSimulator
		{5B155FC6-72EE-45AE-985C-18806A8AEFF6}.AppStore|Any CPU.ActiveCfg = AppStore|iPhone
		{5B155FC6-72EE-45AE-985C-18806A8AEFF6}.AppStore|Any CPU.Build.0 = AppStore|iPhone
		{5B155FC6-72EE-45AE-985C-18806A8AEFF6}.AppStore|Any CPU.Deploy.0 = AppStore|iPhone
		{5B155FC6-72EE-45AE-985C-18806A8AEFF6}.AppStore|iPhone.ActiveCfg = AppStore|iPhone
		{5B155FC6-72EE-45AE-985C-18806A8AEFF6}.AppStore|iPhone.Build.0 = AppStore|iPhone
		{5B155FC6-72EE-45AE-985C-18806A8AEFF6}.AppStore|iPhone.Deploy.0 = AppStore|iPhone
		{5B155FC6-72EE-45AE-985C-18806A8AEFF6}.AppStore|iPhoneSimulator.ActiveCfg = AppStore|iPhoneSimulator
		{5B155FC6-72EE-45AE-985C-18806A8AEFF6}.AppStore|iPhoneSimulator.Build.0 = AppStore|iPhoneSimulator
		{5B155FC6-72EE-45AE-985C-18806A8AEFF6}.AppStore|iPhoneSimulator.Deploy.0 = AppStore|iPhoneSimulator
		{5B155FC6-72EE-45AE-985C-18806A8AEFF6}.Debug|Any CPU.ActiveCfg = Debug|iPhoneSimulator
		{5B155FC6-72EE-45AE-985C-18806A8AEFF6}.Debug|Any CPU.Build.0 = Debug|iPhoneSimulator
		{5B155FC6-72EE-45AE-985C-18806A8AEFF6}.Debug|Any CPU.Deploy.0 = Debug|iPhoneSimulator
		{5B155FC6-72EE-45AE-985C-18806A8AEFF6}.Debug|iPhone.ActiveCfg = Debug|iPhone
		{5B155FC6-72EE-45AE-985C-18806A8AEFF6}.Debug|iPhone.Build.0 = Debug|iPhone
		{5B155FC6-72EE-45AE-985C-18806A8AEFF6}.Debug|iPhone.Deploy.0 = Debug|iPhone
		{5B155FC6-72EE-45AE-985C-18806A8AEFF6}.Debug|iPhoneSimulator.ActiveCfg = Debug|iPhoneSimulator
		{5B155FC6-72EE-45AE-985C-18806A8AEFF6}.Debug|iPhoneSimulator.Build.0 = Debug|iPhoneSimulator
		{5B155FC6-72EE-45AE-985C-18806A8AEFF6}.Debug|iPhoneSimulator.Deploy.0 = Debug|iPhoneSimulator
		{5B155FC6-72EE-45AE-985C-18806A8AEFF6}.Release|Any CPU.ActiveCfg = Release|iPhone
		{5B155FC6-72EE-45AE-985C-18806A8AEFF6}.Release|Any CPU.Build.0 = Release|iPhone
		{5B155FC6-72EE-45AE-985C-18806A8AEFF6}.Release|Any CPU.Deploy.0 = Release|iPhone
		{5B155FC6-72EE-45AE-985C-18806A8AEFF6}.Release|iPhone.ActiveCfg = Release|iPhone
		{5B155FC6-72EE-45AE-985C-18806A8AEFF6}.Release|iPhone.Build.0 = Release|iPhone
		{5B155FC6-72EE-45AE-985C-18806A8AEFF6}.Release|iPhone.Deploy.0 = Release|iPhone
		{5B155FC6-72EE-45AE-985C-18806A8AEFF6}.Release|iPhoneSimulator.ActiveCfg = Release|iPhoneSimulator
		{5B155FC6-72EE-45AE-985C-18806A8AEFF6}.Release|iPhoneSimulator.Build.0 = Release|iPhoneSimulator
		{5B155FC6-72EE-45AE-985C-18806A8AEFF6}.Release|iPhoneSimulator.Deploy.0 = Release|iPhoneSimulator
	EndGlobalSection
	GlobalSection(SolutionProperties) = preSolution
		HideSolutionNode = FALSE
	EndGlobalSection
	GlobalSection(ExtensibilityGlobals) = postSolution
		SolutionGuid = {3F0B8D44-5818-4EFA-88BB-AD36A28B4A26}
	EndGlobalSection
EndGlobal
